
Microsoft Visual Studio Solution File, Format Version 12.00
# Visual Studio Version 17
VisualStudioVersion = 17.0.31903.59
MinimumVisualStudioVersion = 10.0.40219.1
Project("{FAE04EC0-301F-11D3-BF4B-00C04F79EFBC}") = "BelotV2.Rules", "BelotV2.Rules\BelotV2.Rules.csproj", "{1A66C3C3-F41E-4020-A498-04A365DA8D40}"
EndProject
Project("{FAE04EC0-301F-11D3-BF4B-00C04F79EFBC}") = "BelotV2.AI", "BelotV2.AI\BelotV2.AI.csproj", "{D80EF50B-BF8E-4E49-8086-D2B872958F95}"
EndProject
Project("{FAE04EC0-301F-11D3-BF4B-00C04F79EFBC}") = "BelotV2.UI", "BelotV2.UI\BelotV2.UI.csproj", "{0F56BBAF-3912-42EF-B5A9-6A45439C83C9}"
EndProject
Global
	GlobalSection(SolutionConfigurationPlatforms) = preSolution
		Debug|Any CPU = Debug|Any CPU
		Debug|x64 = Debug|x64
		Debug|x86 = Debug|x86
		Release|Any CPU = Release|Any CPU
		Release|x64 = Release|x64
		Release|x86 = Release|x86
	EndGlobalSection
	GlobalSection(ProjectConfigurationPlatforms) = postSolution
		{1A66C3C3-F41E-4020-A498-04A365DA8D40}.Debug|Any CPU.ActiveCfg = Debug|Any CPU
		{1A66C3C3-F41E-4020-A498-04A365DA8D40}.Debug|Any CPU.Build.0 = Debug|Any CPU
		{1A66C3C3-F41E-4020-A498-04A365DA8D40}.Debug|x64.ActiveCfg = Debug|Any CPU
		{1A66C3C3-F41E-4020-A498-04A365DA8D40}.Debug|x64.Build.0 = Debug|Any CPU
		{1A66C3C3-F41E-4020-A498-04A365DA8D40}.Debug|x86.ActiveCfg = Debug|Any CPU
		{1A66C3C3-F41E-4020-A498-04A365DA8D40}.Debug|x86.Build.0 = Debug|Any CPU
		{1A66C3C3-F41E-4020-A498-04A365DA8D40}.Release|Any CPU.ActiveCfg = Release|Any CPU
		{1A66C3C3-F41E-4020-A498-04A365DA8D40}.Release|Any CPU.Build.0 = Release|Any CPU
		{1A66C3C3-F41E-4020-A498-04A365DA8D40}.Release|x64.ActiveCfg = Release|Any CPU
		{1A66C3C3-F41E-4020-A498-04A365DA8D40}.Release|x64.Build.0 = Release|Any CPU
		{1A66C3C3-F41E-4020-A498-04A365DA8D40}.Release|x86.ActiveCfg = Release|Any CPU
		{1A66C3C3-F41E-4020-A498-04A365DA8D40}.Release|x86.Build.0 = Release|Any CPU
		{D80EF50B-BF8E-4E49-8086-D2B872958F95}.Debug|Any CPU.ActiveCfg = Debug|Any CPU
		{D80EF50B-BF8E-4E49-8086-D2B872958F95}.Debug|Any CPU.Build.0 = Debug|Any CPU
		{D80EF50B-BF8E-4E49-8086-D2B872958F95}.Debug|x64.ActiveCfg = Debug|Any CPU
		{D80EF50B-BF8E-4E49-8086-D2B872958F95}.Debug|x64.Build.0 = Debug|Any CPU
		{D80EF50B-BF8E-4E49-8086-D2B872958F95}.Debug|x86.ActiveCfg = Debug|Any CPU
		{D80EF50B-BF8E-4E49-8086-D2B872958F95}.Debug|x86.Build.0 = Debug|Any CPU
		{D80EF50B-BF8E-4E49-8086-D2B872958F95}.Release|Any CPU.ActiveCfg = Release|Any CPU
		{D80EF50B-BF8E-4E49-8086-D2B872958F95}.Release|Any CPU.Build.0 = Release|Any CPU
		{D80EF50B-BF8E-4E49-8086-D2B872958F95}.Release|x64.ActiveCfg = Release|Any CPU
		{D80EF50B-BF8E-4E49-8086-D2B872958F95}.Release|x64.Build.0 = Release|Any CPU
		{D80EF50B-BF8E-4E49-8086-D2B872958F95}.Release|x86.ActiveCfg = Release|Any CPU
		{D80EF50B-BF8E-4E49-8086-D2B872958F95}.Release|x86.Build.0 = Release|Any CPU
		{0F56BBAF-3912-42EF-B5A9-6A45439C83C9}.Debug|Any CPU.ActiveCfg = Debug|Any CPU
		{0F56BBAF-3912-42EF-B5A9-6A45439C83C9}.Debug|Any CPU.Build.0 = Debug|Any CPU
		{0F56BBAF-3912-42EF-B5A9-6A45439C83C9}.Debug|x64.ActiveCfg = Debug|Any CPU
		{0F56BBAF-3912-42EF-B5A9-6A45439C83C9}.Debug|x64.Build.0 = Debug|Any CPU
		{0F56BBAF-3912-42EF-B5A9-6A45439C83C9}.Debug|x86.ActiveCfg = Debug|Any CPU
		{0F56BBAF-3912-42EF-B5A9-6A45439C83C9}.Debug|x86.Build.0 = Debug|Any CPU
		{0F56BBAF-3912-42EF-B5A9-6A45439C83C9}.Release|Any CPU.ActiveCfg = Release|Any CPU
		{0F56BBAF-3912-42EF-B5A9-6A45439C83C9}.Release|Any CPU.Build.0 = Release|Any CPU
		{0F56BBAF-3912-42EF-B5A9-6A45439C83C9}.Release|x64.ActiveCfg = Release|Any CPU
		{0F56BBAF-3912-42EF-B5A9-6A45439C83C9}.Release|x64.Build.0 = Release|Any CPU
		{0F56BBAF-3912-42EF-B5A9-6A45439C83C9}.Release|x86.ActiveCfg = Release|Any CPU
		{0F56BBAF-3912-42EF-B5A9-6A45439C83C9}.Release|x86.Build.0 = Release|Any CPU
	EndGlobalSection
	GlobalSection(SolutionProperties) = preSolution
		HideSolutionNode = FALSE
	EndGlobalSection
EndGlobal
