
Microsoft Visual Studio Solution File, Format Version 12.00
# Visual Studio Version 16
VisualStudioVersion = 16.0.30204.135
MinimumVisualStudioVersion = 10.0.40219.1
Project("{2150E333-8FDC-42A3-9474-1A3956D46DE8}") = "AI", "AI", "{1E0358F0-103D-4BEB-8A36-A542F3207786}"
EndProject
Project("{2150E333-8FDC-42A3-9474-1A3956D46DE8}") = "Tests", "Tests", "{230EF0C4-1DC2-49AA-8843-3043D45BB712}"
EndProject
Project("{2150E333-8FDC-42A3-9474-1A3956D46DE8}") = "UI", "UI", "{32CA08E0-3F3F-429F-A2DD-26EDE55D6CA5}"
EndProject
Project("{9A19103F-16F7-4668-BE54-9A1E7A4F7556}") = "Belot.Engine", "Belot.Engine\Belot.Engine.csproj", "{14C1E443-DE55-4FA0-8F24-CF9F9CD25D39}"
EndProject
Project("{9A19103F-16F7-4668-BE54-9A1E7A4F7556}") = "Belot.AI.DummyPlayer", "AI\Belot.AI.DummyPlayer\Belot.AI.DummyPlayer.csproj", "{05D97F03-92FD-4F08-9DFA-025F7A5B8F4E}"
EndProject
Project("{9A19103F-16F7-4668-BE54-9A1E7A4F7556}") = "Belot.AI.SmartPlayer", "AI\Belot.AI.SmartPlayer\Belot.AI.SmartPlayer.csproj", "{EEEBF4E1-AC4F-42A9-A518-D209DCEFE19C}"
EndProject
Project("{9A19103F-16F7-4668-BE54-9A1E7A4F7556}") = "Belot.Engine.Tests", "Tests\Belot.Engine.Tests\Belot.Engine.Tests.csproj", "{E644F8DF-3121-45E5-AC36-EC8ED68BEABB}"
EndProject
Project("{9A19103F-16F7-4668-BE54-9A1E7A4F7556}") = "Belot.GamesSimulator", "Tests\Belot.GamesSimulator\Belot.GamesSimulator.csproj", "{3BFE3569-BBAF-402E-8D0E-0326F594D56B}"
EndProject
Project("{9A19103F-16F7-4668-BE54-9A1E7A4F7556}") = "Belot.UI.Console", "UI\Belot.UI.Console\Belot.UI.Console.csproj", "{1087964C-AAC5-4D18-9218-12EAE21782C4}"
EndProject
Project("{FAE04EC0-301F-11D3-BF4B-00C04F79EFBC}") = "Belot.UI.Windows", "UI\Belot.UI.Windows\Belot.UI.Windows.csproj", "{C9446CF3-A65E-402D-9F61-C48F07B56D0A}"
EndProject
Global
	GlobalSection(SolutionConfigurationPlatforms) = preSolution
		Debug|Any CPU = Debug|Any CPU
		Debug|ARM = Debug|ARM
		Debug|ARM64 = Debug|ARM64
		Debug|x64 = Debug|x64
		Debug|x86 = Debug|x86
		Release|Any CPU = Release|Any CPU
		Release|ARM = Release|ARM
		Release|ARM64 = Release|ARM64
		Release|x64 = Release|x64
		Release|x86 = Release|x86
	EndGlobalSection
	GlobalSection(ProjectConfigurationPlatforms) = postSolution
		{14C1E443-DE55-4FA0-8F24-CF9F9CD25D39}.Debug|Any CPU.ActiveCfg = Debug|Any CPU
		{14C1E443-DE55-4FA0-8F24-CF9F9CD25D39}.Debug|Any CPU.Build.0 = Debug|Any CPU
		{14C1E443-DE55-4FA0-8F24-CF9F9CD25D39}.Debug|ARM.ActiveCfg = Debug|Any CPU
		{14C1E443-DE55-4FA0-8F24-CF9F9CD25D39}.Debug|ARM.Build.0 = Debug|Any CPU
		{14C1E443-DE55-4FA0-8F24-CF9F9CD25D39}.Debug|ARM64.ActiveCfg = Debug|Any CPU
		{14C1E443-DE55-4FA0-8F24-CF9F9CD25D39}.Debug|ARM64.Build.0 = Debug|Any CPU
		{14C1E443-DE55-4FA0-8F24-CF9F9CD25D39}.Debug|x64.ActiveCfg = Debug|Any CPU
		{14C1E443-DE55-4FA0-8F24-CF9F9CD25D39}.Debug|x64.Build.0 = Debug|Any CPU
		{14C1E443-DE55-4FA0-8F24-CF9F9CD25D39}.Debug|x86.ActiveCfg = Debug|Any CPU
		{14C1E443-DE55-4FA0-8F24-CF9F9CD25D39}.Debug|x86.Build.0 = Debug|Any CPU
		{14C1E443-DE55-4FA0-8F24-CF9F9CD25D39}.Release|Any CPU.ActiveCfg = Release|Any CPU
		{14C1E443-DE55-4FA0-8F24-CF9F9CD25D39}.Release|Any CPU.Build.0 = Release|Any CPU
		{14C1E443-DE55-4FA0-8F24-CF9F9CD25D39}.Release|ARM.ActiveCfg = Release|Any CPU
		{14C1E443-DE55-4FA0-8F24-CF9F9CD25D39}.Release|ARM.Build.0 = Release|Any CPU
		{14C1E443-DE55-4FA0-8F24-CF9F9CD25D39}.Release|ARM64.ActiveCfg = Release|Any CPU
		{14C1E443-DE55-4FA0-8F24-CF9F9CD25D39}.Release|ARM64.Build.0 = Release|Any CPU
		{14C1E443-DE55-4FA0-8F24-CF9F9CD25D39}.Release|x64.ActiveCfg = Release|Any CPU
		{14C1E443-DE55-4FA0-8F24-CF9F9CD25D39}.Release|x64.Build.0 = Release|Any CPU
		{14C1E443-DE55-4FA0-8F24-CF9F9CD25D39}.Release|x86.ActiveCfg = Release|Any CPU
		{14C1E443-DE55-4FA0-8F24-CF9F9CD25D39}.Release|x86.Build.0 = Release|Any CPU
		{05D97F03-92FD-4F08-9DFA-025F7A5B8F4E}.Debug|Any CPU.ActiveCfg = Debug|Any CPU
		{05D97F03-92FD-4F08-9DFA-025F7A5B8F4E}.Debug|Any CPU.Build.0 = Debug|Any CPU
		{05D97F03-92FD-4F08-9DFA-025F7A5B8F4E}.Debug|ARM.ActiveCfg = Debug|Any CPU
		{05D97F03-92FD-4F08-9DFA-025F7A5B8F4E}.Debug|ARM.Build.0 = Debug|Any CPU
		{05D97F03-92FD-4F08-9DFA-025F7A5B8F4E}.Debug|ARM64.ActiveCfg = Debug|Any CPU
		{05D97F03-92FD-4F08-9DFA-025F7A5B8F4E}.Debug|ARM64.Build.0 = Debug|Any CPU
		{05D97F03-92FD-4F08-9DFA-025F7A5B8F4E}.Debug|x64.ActiveCfg = Debug|Any CPU
		{05D97F03-92FD-4F08-9DFA-025F7A5B8F4E}.Debug|x64.Build.0 = Debug|Any CPU
		{05D97F03-92FD-4F08-9DFA-025F7A5B8F4E}.Debug|x86.ActiveCfg = Debug|Any CPU
		{05D97F03-92FD-4F08-9DFA-025F7A5B8F4E}.Debug|x86.Build.0 = Debug|Any CPU
		{05D97F03-92FD-4F08-9DFA-025F7A5B8F4E}.Release|Any CPU.ActiveCfg = Release|Any CPU
		{05D97F03-92FD-4F08-9DFA-025F7A5B8F4E}.Release|Any CPU.Build.0 = Release|Any CPU
		{05D97F03-92FD-4F08-9DFA-025F7A5B8F4E}.Release|ARM.ActiveCfg = Release|Any CPU
		{05D97F03-92FD-4F08-9DFA-025F7A5B8F4E}.Release|ARM.Build.0 = Release|Any CPU
		{05D97F03-92FD-4F08-9DFA-025F7A5B8F4E}.Release|ARM64.ActiveCfg = Release|Any CPU
		{05D97F03-92FD-4F08-9DFA-025F7A5B8F4E}.Release|ARM64.Build.0 = Release|Any CPU
		{05D97F03-92FD-4F08-9DFA-025F7A5B8F4E}.Release|x64.ActiveCfg = Release|Any CPU
		{05D97F03-92FD-4F08-9DFA-025F7A5B8F4E}.Release|x64.Build.0 = Release|Any CPU
		{05D97F03-92FD-4F08-9DFA-025F7A5B8F4E}.Release|x86.ActiveCfg = Release|Any CPU
		{05D97F03-92FD-4F08-9DFA-025F7A5B8F4E}.Release|x86.Build.0 = Release|Any CPU
		{EEEBF4E1-AC4F-42A9-A518-D209DCEFE19C}.Debug|Any CPU.ActiveCfg = Debug|Any CPU
		{EEEBF4E1-AC4F-42A9-A518-D209DCEFE19C}.Debug|Any CPU.Build.0 = Debug|Any CPU
		{EEEBF4E1-AC4F-42A9-A518-D209DCEFE19C}.Debug|ARM.ActiveCfg = Debug|Any CPU
		{EEEBF4E1-AC4F-42A9-A518-D209DCEFE19C}.Debug|ARM.Build.0 = Debug|Any CPU
		{EEEBF4E1-AC4F-42A9-A518-D209DCEFE19C}.Debug|ARM64.ActiveCfg = Debug|Any CPU
		{EEEBF4E1-AC4F-42A9-A518-D209DCEFE19C}.Debug|ARM64.Build.0 = Debug|Any CPU
		{EEEBF4E1-AC4F-42A9-A518-D209DCEFE19C}.Debug|x64.ActiveCfg = Debug|Any CPU
		{EEEBF4E1-AC4F-42A9-A518-D209DCEFE19C}.Debug|x64.Build.0 = Debug|Any CPU
		{EEEBF4E1-AC4F-42A9-A518-D209DCEFE19C}.Debug|x86.ActiveCfg = Debug|Any CPU
		{EEEBF4E1-AC4F-42A9-A518-D209DCEFE19C}.Debug|x86.Build.0 = Debug|Any CPU
		{EEEBF4E1-AC4F-42A9-A518-D209DCEFE19C}.Release|Any CPU.ActiveCfg = Release|Any CPU
		{EEEBF4E1-AC4F-42A9-A518-D209DCEFE19C}.Release|Any CPU.Build.0 = Release|Any CPU
		{EEEBF4E1-AC4F-42A9-A518-D209DCEFE19C}.Release|ARM.ActiveCfg = Release|Any CPU
		{EEEBF4E1-AC4F-42A9-A518-D209DCEFE19C}.Release|ARM.Build.0 = Release|Any CPU
		{EEEBF4E1-AC4F-42A9-A518-D209DCEFE19C}.Release|ARM64.ActiveCfg = Release|Any CPU
		{EEEBF4E1-AC4F-42A9-A518-D209DCEFE19C}.Release|ARM64.Build.0 = Release|Any CPU
		{EEEBF4E1-AC4F-42A9-A518-D209DCEFE19C}.Release|x64.ActiveCfg = Release|Any CPU
		{EEEBF4E1-AC4F-42A9-A518-D209DCEFE19C}.Release|x64.Build.0 = Release|Any CPU
		{EEEBF4E1-AC4F-42A9-A518-D209DCEFE19C}.Release|x86.ActiveCfg = Release|Any CPU
		{EEEBF4E1-AC4F-42A9-A518-D209DCEFE19C}.Release|x86.Build.0 = Release|Any CPU
		{E644F8DF-3121-45E5-AC36-EC8ED68BEABB}.Debug|Any CPU.ActiveCfg = Debug|Any CPU
		{E644F8DF-3121-45E5-AC36-EC8ED68BEABB}.Debug|Any CPU.Build.0 = Debug|Any CPU
		{E644F8DF-3121-45E5-AC36-EC8ED68BEABB}.Debug|ARM.ActiveCfg = Debug|Any CPU
		{E644F8DF-3121-45E5-AC36-EC8ED68BEABB}.Debug|ARM.Build.0 = Debug|Any CPU
		{E644F8DF-3121-45E5-AC36-EC8ED68BEABB}.Debug|ARM64.ActiveCfg = Debug|Any CPU
		{E644F8DF-3121-45E5-AC36-EC8ED68BEABB}.Debug|ARM64.Build.0 = Debug|Any CPU
		{E644F8DF-3121-45E5-AC36-EC8ED68BEABB}.Debug|x64.ActiveCfg = Debug|Any CPU
		{E644F8DF-3121-45E5-AC36-EC8ED68BEABB}.Debug|x64.Build.0 = Debug|Any CPU
		{E644F8DF-3121-45E5-AC36-EC8ED68BEABB}.Debug|x86.ActiveCfg = Debug|Any CPU
		{E644F8DF-3121-45E5-AC36-EC8ED68BEABB}.Debug|x86.Build.0 = Debug|Any CPU
		{E644F8DF-3121-45E5-AC36-EC8ED68BEABB}.Release|Any CPU.ActiveCfg = Release|Any CPU
		{E644F8DF-3121-45E5-AC36-EC8ED68BEABB}.Release|Any CPU.Build.0 = Release|Any CPU
		{E644F8DF-3121-45E5-AC36-EC8ED68BEABB}.Release|ARM.ActiveCfg = Release|Any CPU
		{E644F8DF-3121-45E5-AC36-EC8ED68BEABB}.Release|ARM.Build.0 = Release|Any CPU
		{E644F8DF-3121-45E5-AC36-EC8ED68BEABB}.Release|ARM64.ActiveCfg = Release|Any CPU
		{E644F8DF-3121-45E5-AC36-EC8ED68BEABB}.Release|ARM64.Build.0 = Release|Any CPU
		{E644F8DF-3121-45E5-AC36-EC8ED68BEABB}.Release|x64.ActiveCfg = Release|Any CPU
		{E644F8DF-3121-45E5-AC36-EC8ED68BEABB}.Release|x64.Build.0 = Release|Any CPU
		{E644F8DF-3121-45E5-AC36-EC8ED68BEABB}.Release|x86.ActiveCfg = Release|Any CPU
		{E644F8DF-3121-45E5-AC36-EC8ED68BEABB}.Release|x86.Build.0 = Release|Any CPU
		{3BFE3569-BBAF-402E-8D0E-0326F594D56B}.Debug|Any CPU.ActiveCfg = Debug|Any CPU
		{3BFE3569-BBAF-402E-8D0E-0326F594D56B}.Debug|Any CPU.Build.0 = Debug|Any CPU
		{3BFE3569-BBAF-402E-8D0E-0326F594D56B}.Debug|ARM.ActiveCfg = Debug|Any CPU
		{3BFE3569-BBAF-402E-8D0E-0326F594D56B}.Debug|ARM.Build.0 = Debug|Any CPU
		{3BFE3569-BBAF-402E-8D0E-0326F594D56B}.Debug|ARM64.ActiveCfg = Debug|Any CPU
		{3BFE3569-BBAF-402E-8D0E-0326F594D56B}.Debug|ARM64.Build.0 = Debug|Any CPU
		{3BFE3569-BBAF-402E-8D0E-0326F594D56B}.Debug|x64.ActiveCfg = Debug|Any CPU
		{3BFE3569-BBAF-402E-8D0E-0326F594D56B}.Debug|x64.Build.0 = Debug|Any CPU
		{3BFE3569-BBAF-402E-8D0E-0326F594D56B}.Debug|x86.ActiveCfg = Debug|Any CPU
		{3BFE3569-BBAF-402E-8D0E-0326F594D56B}.Debug|x86.Build.0 = Debug|Any CPU
		{3BFE3569-BBAF-402E-8D0E-0326F594D56B}.Release|Any CPU.ActiveCfg = Release|Any CPU
		{3BFE3569-BBAF-402E-8D0E-0326F594D56B}.Release|Any CPU.Build.0 = Release|Any CPU
		{3BFE3569-BBAF-402E-8D0E-0326F594D56B}.Release|ARM.ActiveCfg = Release|Any CPU
		{3BFE3569-BBAF-402E-8D0E-0326F594D56B}.Release|ARM.Build.0 = Release|Any CPU
		{3BFE3569-BBAF-402E-8D0E-0326F594D56B}.Release|ARM64.ActiveCfg = Release|Any CPU
		{3BFE3569-BBAF-402E-8D0E-0326F594D56B}.Release|ARM64.Build.0 = Release|Any CPU
		{3BFE3569-BBAF-402E-8D0E-0326F594D56B}.Release|x64.ActiveCfg = Release|Any CPU
		{3BFE3569-BBAF-402E-8D0E-0326F594D56B}.Release|x64.Build.0 = Release|Any CPU
		{3BFE3569-BBAF-402E-8D0E-0326F594D56B}.Release|x86.ActiveCfg = Release|Any CPU
		{3BFE3569-BBAF-402E-8D0E-0326F594D56B}.Release|x86.Build.0 = Release|Any CPU
		{1087964C-AAC5-4D18-9218-12EAE21782C4}.Debug|Any CPU.ActiveCfg = Debug|Any CPU
		{1087964C-AAC5-4D18-9218-12EAE21782C4}.Debug|Any CPU.Build.0 = Debug|Any CPU
		{1087964C-AAC5-4D18-9218-12EAE21782C4}.Debug|ARM.ActiveCfg = Debug|Any CPU
		{1087964C-AAC5-4D18-9218-12EAE21782C4}.Debug|ARM.Build.0 = Debug|Any CPU
		{1087964C-AAC5-4D18-9218-12EAE21782C4}.Debug|ARM64.ActiveCfg = Debug|Any CPU
		{1087964C-AAC5-4D18-9218-12EAE21782C4}.Debug|ARM64.Build.0 = Debug|Any CPU
		{1087964C-AAC5-4D18-9218-12EAE21782C4}.Debug|x64.ActiveCfg = Debug|Any CPU
		{1087964C-AAC5-4D18-9218-12EAE21782C4}.Debug|x64.Build.0 = Debug|Any CPU
		{1087964C-AAC5-4D18-9218-12EAE21782C4}.Debug|x86.ActiveCfg = Debug|Any CPU
		{1087964C-AAC5-4D18-9218-12EAE21782C4}.Debug|x86.Build.0 = Debug|Any CPU
		{1087964C-AAC5-4D18-9218-12EAE21782C4}.Release|Any CPU.ActiveCfg = Release|Any CPU
		{1087964C-AAC5-4D18-9218-12EAE21782C4}.Release|Any CPU.Build.0 = Release|Any CPU
		{1087964C-AAC5-4D18-9218-12EAE21782C4}.Release|ARM.ActiveCfg = Release|Any CPU
		{1087964C-AAC5-4D18-9218-12EAE21782C4}.Release|ARM.Build.0 = Release|Any CPU
		{1087964C-AAC5-4D18-9218-12EAE21782C4}.Release|ARM64.ActiveCfg = Release|Any CPU
		{1087964C-AAC5-4D18-9218-12EAE21782C4}.Release|ARM64.Build.0 = Release|Any CPU
		{1087964C-AAC5-4D18-9218-12EAE21782C4}.Release|x64.ActiveCfg = Release|Any CPU
		{1087964C-AAC5-4D18-9218-12EAE21782C4}.Release|x64.Build.0 = Release|Any CPU
		{1087964C-AAC5-4D18-9218-12EAE21782C4}.Release|x86.ActiveCfg = Release|Any CPU
		{1087964C-AAC5-4D18-9218-12EAE21782C4}.Release|x86.Build.0 = Release|Any CPU
		{C9446CF3-A65E-402D-9F61-C48F07B56D0A}.Debug|Any CPU.ActiveCfg = Debug|x86
		{C9446CF3-A65E-402D-9F61-C48F07B56D0A}.Debug|ARM.ActiveCfg = Debug|ARM
		{C9446CF3-A65E-402D-9F61-C48F07B56D0A}.Debug|ARM.Build.0 = Debug|ARM
		{C9446CF3-A65E-402D-9F61-C48F07B56D0A}.Debug|ARM.Deploy.0 = Debug|ARM
		{C9446CF3-A65E-402D-9F61-C48F07B56D0A}.Debug|ARM64.ActiveCfg = Debug|ARM64
		{C9446CF3-A65E-402D-9F61-C48F07B56D0A}.Debug|ARM64.Build.0 = Debug|ARM64
		{C9446CF3-A65E-402D-9F61-C48F07B56D0A}.Debug|ARM64.Deploy.0 = Debug|ARM64
		{C9446CF3-A65E-402D-9F61-C48F07B56D0A}.Debug|x64.ActiveCfg = Debug|x64
		{C9446CF3-A65E-402D-9F61-C48F07B56D0A}.Debug|x64.Build.0 = Debug|x64
		{C9446CF3-A65E-402D-9F61-C48F07B56D0A}.Debug|x64.Deploy.0 = Debug|x64
		{C9446CF3-A65E-402D-9F61-C48F07B56D0A}.Debug|x86.ActiveCfg = Debug|x86
		{C9446CF3-A65E-402D-9F61-C48F07B56D0A}.Debug|x86.Build.0 = Debug|x86
		{C9446CF3-A65E-402D-9F61-C48F07B56D0A}.Debug|x86.Deploy.0 = Debug|x86
		{C9446CF3-A65E-402D-9F61-C48F07B56D0A}.Release|Any CPU.ActiveCfg = Release|x86
		{C9446CF3-A65E-402D-9F61-C48F07B56D0A}.Release|Any CPU.Build.0 = Release|x86
		{C9446CF3-A65E-402D-9F61-C48F07B56D0A}.Release|Any CPU.Deploy.0 = Release|x86
		{C9446CF3-A65E-402D-9F61-C48F07B56D0A}.Release|ARM.ActiveCfg = Release|ARM
		{C9446CF3-A65E-402D-9F61-C48F07B56D0A}.Release|ARM.Build.0 = Release|ARM
		{C9446CF3-A65E-402D-9F61-C48F07B56D0A}.Release|ARM.Deploy.0 = Release|ARM
		{C9446CF3-A65E-402D-9F61-C48F07B56D0A}.Release|ARM64.ActiveCfg = Release|ARM64
		{C9446CF3-A65E-402D-9F61-C48F07B56D0A}.Release|ARM64.Build.0 = Release|ARM64
		{C9446CF3-A65E-402D-9F61-C48F07B56D0A}.Release|ARM64.Deploy.0 = Release|ARM64
		{C9446CF3-A65E-402D-9F61-C48F07B56D0A}.Release|x64.ActiveCfg = Release|x64
		{C9446CF3-A65E-402D-9F61-C48F07B56D0A}.Release|x64.Build.0 = Release|x64
		{C9446CF3-A65E-402D-9F61-C48F07B56D0A}.Release|x64.Deploy.0 = Release|x64
		{C9446CF3-A65E-402D-9F61-C48F07B56D0A}.Release|x86.ActiveCfg = Release|x86
		{C9446CF3-A65E-402D-9F61-C48F07B56D0A}.Release|x86.Build.0 = Release|x86
		{C9446CF3-A65E-402D-9F61-C48F07B56D0A}.Release|x86.Deploy.0 = Release|x86
	EndGlobalSection
	GlobalSection(SolutionProperties) = preSolution
		HideSolutionNode = FALSE
	EndGlobalSection
	GlobalSection(NestedProjects) = preSolution
		{05D97F03-92FD-4F08-9DFA-025F7A5B8F4E} = {1E0358F0-103D-4BEB-8A36-A542F3207786}
		{EEEBF4E1-AC4F-42A9-A518-D209DCEFE19C} = {1E0358F0-103D-4BEB-8A36-A542F3207786}
		{E644F8DF-3121-45E5-AC36-EC8ED68BEABB} = {230EF0C4-1DC2-49AA-8843-3043D45BB712}
		{3BFE3569-BBAF-402E-8D0E-0326F594D56B} = {230EF0C4-1DC2-49AA-8843-3043D45BB712}
		{1087964C-AAC5-4D18-9218-12EAE21782C4} = {32CA08E0-3F3F-429F-A2DD-26EDE55D6CA5}
		{C9446CF3-A65E-402D-9F61-C48F07B56D0A} = {32CA08E0-3F3F-429F-A2DD-26EDE55D6CA5}
	EndGlobalSection
	GlobalSection(ExtensibilityGlobals) = postSolution
		SolutionGuid = {C3D0359F-2942-4525-A5D1-CCE74B124200}
	EndGlobalSection
EndGlobal
