
Microsoft Visual Studio Solution File, Format Version 12.00
# Visual Studio 2012
Project("{FAE04EC0-301F-11D3-BF4B-00C04F79EFBC}") = "JustBelot.UI", "JustBelot.UI\JustBelot.UI.csproj", "{20EEF86A-54CA-477B-95B6-880A78E2DBE3}"
EndProject
Project("{FAE04EC0-301F-11D3-BF4B-00C04F79EFBC}") = "JustBelot.Common", "JustBelot.Common\JustBelot.Common.csproj", "{82AD8D4F-16D6-4A27-A887-A6FFA6FBF03D}"
EndProject
Project("{2150E333-8FDC-42A3-9474-1A3956D46DE8}") = "AI", "AI", "{F5108C3A-7A0F-48B1-9F64-6B666D4988BA}"
EndProject
Project("{FAE04EC0-301F-11D3-BF4B-00C04F79EFBC}") = "JustBelot.AI.DummyPlayer", "AI\JustBelot.AI.DummyPlayer\JustBelot.AI.DummyPlayer.csproj", "{8FE042AC-0EAF-4973-A000-98F2A3C7B694}"
EndProject
Project("{FAE04EC0-301F-11D3-BF4B-00C04F79EFBC}") = "JustBelot.AI.NikolayIT", "AI\JustBelot.AI.NikolayIT\JustBelot.AI.NikolayIT.csproj", "{F6964A5D-9E3D-4468-9E7E-8C7DA66ACACD}"
EndProject
Project("{2150E333-8FDC-42A3-9474-1A3956D46DE8}") = "Tests", "Tests", "{24217175-7658-41BA-AA3E-F5A284C7FBA3}"
EndProject
Project("{FAE04EC0-301F-11D3-BF4B-00C04F79EFBC}") = "JustBelot.Common.Tests", "Tests\JustBelot.Common.Tests\JustBelot.Common.Tests.csproj", "{58341E5E-A1DD-43B7-AB46-FAD4355D4505}"
EndProject
Project("{FAE04EC0-301F-11D3-BF4B-00C04F79EFBC}") = "JustBelot.Tests.GameLogicTest", "Tests\JustBelot.Tests.GameLogicTest\JustBelot.Tests.GameLogicTest.csproj", "{7801CAAA-E337-4A24-B972-7E591CB061C0}"
EndProject
Global
	GlobalSection(SolutionConfigurationPlatforms) = preSolution
		Debug|Any CPU = Debug|Any CPU
		Release|Any CPU = Release|Any CPU
	EndGlobalSection
	GlobalSection(ProjectConfigurationPlatforms) = postSolution
		{20EEF86A-54CA-477B-95B6-880A78E2DBE3}.Debug|Any CPU.ActiveCfg = Debug|Any CPU
		{20EEF86A-54CA-477B-95B6-880A78E2DBE3}.Debug|Any CPU.Build.0 = Debug|Any CPU
		{20EEF86A-54CA-477B-95B6-880A78E2DBE3}.Release|Any CPU.ActiveCfg = Release|Any CPU
		{20EEF86A-54CA-477B-95B6-880A78E2DBE3}.Release|Any CPU.Build.0 = Release|Any CPU
		{82AD8D4F-16D6-4A27-A887-A6FFA6FBF03D}.Debug|Any CPU.ActiveCfg = Debug|Any CPU
		{82AD8D4F-16D6-4A27-A887-A6FFA6FBF03D}.Debug|Any CPU.Build.0 = Debug|Any CPU
		{82AD8D4F-16D6-4A27-A887-A6FFA6FBF03D}.Release|Any CPU.ActiveCfg = Release|Any CPU
		{82AD8D4F-16D6-4A27-A887-A6FFA6FBF03D}.Release|Any CPU.Build.0 = Release|Any CPU
		{8FE042AC-0EAF-4973-A000-98F2A3C7B694}.Debug|Any CPU.ActiveCfg = Debug|Any CPU
		{8FE042AC-0EAF-4973-A000-98F2A3C7B694}.Debug|Any CPU.Build.0 = Debug|Any CPU
		{8FE042AC-0EAF-4973-A000-98F2A3C7B694}.Release|Any CPU.ActiveCfg = Release|Any CPU
		{8FE042AC-0EAF-4973-A000-98F2A3C7B694}.Release|Any CPU.Build.0 = Release|Any CPU
		{F6964A5D-9E3D-4468-9E7E-8C7DA66ACACD}.Debug|Any CPU.ActiveCfg = Debug|Any CPU
		{F6964A5D-9E3D-4468-9E7E-8C7DA66ACACD}.Debug|Any CPU.Build.0 = Debug|Any CPU
		{F6964A5D-9E3D-4468-9E7E-8C7DA66ACACD}.Release|Any CPU.ActiveCfg = Release|Any CPU
		{F6964A5D-9E3D-4468-9E7E-8C7DA66ACACD}.Release|Any CPU.Build.0 = Release|Any CPU
		{58341E5E-A1DD-43B7-AB46-FAD4355D4505}.Debug|Any CPU.ActiveCfg = Debug|Any CPU
		{58341E5E-A1DD-43B7-AB46-FAD4355D4505}.Debug|Any CPU.Build.0 = Debug|Any CPU
		{58341E5E-A1DD-43B7-AB46-FAD4355D4505}.Release|Any CPU.ActiveCfg = Release|Any CPU
		{58341E5E-A1DD-43B7-AB46-FAD4355D4505}.Release|Any CPU.Build.0 = Release|Any CPU
		{7801CAAA-E337-4A24-B972-7E591CB061C0}.Debug|Any CPU.ActiveCfg = Debug|Any CPU
		{7801CAAA-E337-4A24-B972-7E591CB061C0}.Debug|Any CPU.Build.0 = Debug|Any CPU
		{7801CAAA-E337-4A24-B972-7E591CB061C0}.Release|Any CPU.ActiveCfg = Release|Any CPU
		{7801CAAA-E337-4A24-B972-7E591CB061C0}.Release|Any CPU.Build.0 = Release|Any CPU
	EndGlobalSection
	GlobalSection(SolutionProperties) = preSolution
		HideSolutionNode = FALSE
	EndGlobalSection
	GlobalSection(NestedProjects) = preSolution
		{8FE042AC-0EAF-4973-A000-98F2A3C7B694} = {F5108C3A-7A0F-48B1-9F64-6B666D4988BA}
		{F6964A5D-9E3D-4468-9E7E-8C7DA66ACACD} = {F5108C3A-7A0F-48B1-9F64-6B666D4988BA}
		{58341E5E-A1DD-43B7-AB46-FAD4355D4505} = {24217175-7658-41BA-AA3E-F5A284C7FBA3}
		{7801CAAA-E337-4A24-B972-7E591CB061C0} = {24217175-7658-41BA-AA3E-F5A284C7FBA3}
	EndGlobalSection
EndGlobal
